// !$*UTF8*$!
{
	archiveVersion = 1;
	classes = {
	};
	objectVersion = 56;
	objects = {

/* Begin PBXBuildFile section */
		9593BFA02B2730CA0048614A /* DirectoryApp.swift in Sources */ = {isa = PBXBuildFile; fileRef = 9593BF9F2B2730CA0048614A /* DirectoryApp.swift */; };
		9593BFA42B2730CC0048614A /* Assets.xcassets in Resources */ = {isa = PBXBuildFile; fileRef = 9593BFA32B2730CC0048614A /* Assets.xcassets */; };
		9593BFA72B2730CC0048614A /* Preview Assets.xcassets in Resources */ = {isa = PBXBuildFile; fileRef = 9593BFA62B2730CC0048614A /* Preview Assets.xcassets */; };
		9593BFAE2B2730E50048614A /* Contact.swift in Sources */ = {isa = PBXBuildFile; fileRef = 9593BFAD2B2730E50048614A /* Contact.swift */; };
		9593BFB02B27313E0048614A /* MockAPIService.swift in Sources */ = {isa = PBXBuildFile; fileRef = 9593BFAF2B27313E0048614A /* MockAPIService.swift */; };
		9593BFB22B2731790048614A /* LoginView.swift in Sources */ = {isa = PBXBuildFile; fileRef = 9593BFB12B2731790048614A /* LoginView.swift */; };
		9593BFB42B2733490048614A /* ListView.swift in Sources */ = {isa = PBXBuildFile; fileRef = 9593BFB32B2733490048614A /* ListView.swift */; };
		9593BFB62B27339A0048614A /* DetailView.swift in Sources */ = {isa = PBXBuildFile; fileRef = 9593BFB52B27339A0048614A /* DetailView.swift */; };
		9593BFB82B2736560048614A /* AuthViewModel.swift in Sources */ = {isa = PBXBuildFile; fileRef = 9593BFB72B2736560048614A /* AuthViewModel.swift */; };
		9593BFC12B275F060048614A /* DirectoryTests.swift in Sources */ = {isa = PBXBuildFile; fileRef = 9593BFC02B275F060048614A /* DirectoryTests.swift */; };
		9593BFCE2B2763710048614A /* DirectoryUITests.swift in Sources */ = {isa = PBXBuildFile; fileRef = 9593BFCD2B2763710048614A /* DirectoryUITests.swift */; };
		9593BFD02B2763710048614A /* DirectoryUITestsLaunchTests.swift in Sources */ = {isa = PBXBuildFile; fileRef = 9593BFCF2B2763710048614A /* DirectoryUITestsLaunchTests.swift */; };
		9593BFD72B2764110048614A /* MockAPIServiceTests.swift in Sources */ = {isa = PBXBuildFile; fileRef = 9593BFD62B2764110048614A /* MockAPIServiceTests.swift */; };
		9593BFD92B2768310048614A /* FilePath.swift in Sources */ = {isa = PBXBuildFile; fileRef = 9593BFD82B2768310048614A /* FilePath.swift */; };
/* End PBXBuildFile section */

/* Begin PBXContainerItemProxy section */
		9593BFC22B275F070048614A /* PBXContainerItemProxy */ = {
			isa = PBXContainerItemProxy;
			containerPortal = 9593BF942B2730CA0048614A /* Project object */;
			proxyType = 1;
			remoteGlobalIDString = 9593BF9B2B2730CA0048614A;
			remoteInfo = Directory;
		};
		9593BFD12B2763710048614A /* PBXContainerItemProxy */ = {
			isa = PBXContainerItemProxy;
			containerPortal = 9593BF942B2730CA0048614A /* Project object */;
			proxyType = 1;
			remoteGlobalIDString = 9593BF9B2B2730CA0048614A;
			remoteInfo = Directory;
		};
/* End PBXContainerItemProxy section */

/* Begin PBXFileReference section */
		9593BF9C2B2730CA0048614A /* Directory.app */ = {isa = PBXFileReference; explicitFileType = wrapper.application; includeInIndex = 0; path = Directory.app; sourceTree = BUILT_PRODUCTS_DIR; };
		9593BF9F2B2730CA0048614A /* DirectoryApp.swift */ = {isa = PBXFileReference; lastKnownFileType = sourcecode.swift; path = DirectoryApp.swift; sourceTree = "<group>"; };
		9593BFA32B2730CC0048614A /* Assets.xcassets */ = {isa = PBXFileReference; lastKnownFileType = folder.assetcatalog; path = Assets.xcassets; sourceTree = "<group>"; };
		9593BFA62B2730CC0048614A /* Preview Assets.xcassets */ = {isa = PBXFileReference; lastKnownFileType = folder.assetcatalog; path = "Preview Assets.xcassets"; sourceTree = "<group>"; };
		9593BFAD2B2730E50048614A /* Contact.swift */ = {isa = PBXFileReference; lastKnownFileType = sourcecode.swift; path = Contact.swift; sourceTree = "<group>"; };
		9593BFAF2B27313E0048614A /* MockAPIService.swift */ = {isa = PBXFileReference; lastKnownFileType = sourcecode.swift; path = MockAPIService.swift; sourceTree = "<group>"; };
		9593BFB12B2731790048614A /* LoginView.swift */ = {isa = PBXFileReference; lastKnownFileType = sourcecode.swift; path = LoginView.swift; sourceTree = "<group>"; };
		9593BFB32B2733490048614A /* ListView.swift */ = {isa = PBXFileReference; lastKnownFileType = sourcecode.swift; path = ListView.swift; sourceTree = "<group>"; };
		9593BFB52B27339A0048614A /* DetailView.swift */ = {isa = PBXFileReference; lastKnownFileType = sourcecode.swift; path = DetailView.swift; sourceTree = "<group>"; };
		9593BFB72B2736560048614A /* AuthViewModel.swift */ = {isa = PBXFileReference; lastKnownFileType = sourcecode.swift; path = AuthViewModel.swift; sourceTree = "<group>"; };
		9593BFB92B273C950048614A /* Info.plist */ = {isa = PBXFileReference; lastKnownFileType = text.plist; path = Info.plist; sourceTree = "<group>"; };
		9593BFBE2B275F060048614A /* DirectoryTests.xctest */ = {isa = PBXFileReference; explicitFileType = wrapper.cfbundle; includeInIndex = 0; path = DirectoryTests.xctest; sourceTree = BUILT_PRODUCTS_DIR; };
		9593BFC02B275F060048614A /* DirectoryTests.swift */ = {isa = PBXFileReference; lastKnownFileType = sourcecode.swift; path = DirectoryTests.swift; sourceTree = "<group>"; };
		9593BFCB2B2763710048614A /* DirectoryUITests.xctest */ = {isa = PBXFileReference; explicitFileType = wrapper.cfbundle; includeInIndex = 0; path = DirectoryUITests.xctest; sourceTree = BUILT_PRODUCTS_DIR; };
		9593BFCD2B2763710048614A /* DirectoryUITests.swift */ = {isa = PBXFileReference; lastKnownFileType = sourcecode.swift; path = DirectoryUITests.swift; sourceTree = "<group>"; };
		9593BFCF2B2763710048614A /* DirectoryUITestsLaunchTests.swift */ = {isa = PBXFileReference; lastKnownFileType = sourcecode.swift; path = DirectoryUITestsLaunchTests.swift; sourceTree = "<group>"; };
		9593BFD62B2764110048614A /* MockAPIServiceTests.swift */ = {isa = PBXFileReference; lastKnownFileType = sourcecode.swift; path = MockAPIServiceTests.swift; sourceTree = "<group>"; };
		9593BFD82B2768310048614A /* FilePath.swift */ = {isa = PBXFileReference; lastKnownFileType = sourcecode.swift; path = FilePath.swift; sourceTree = "<group>"; };
/* End PBXFileReference section */

/* Begin PBXFrameworksBuildPhase section */
		9593BF992B2730CA0048614A /* Frameworks */ = {
			isa = PBXFrameworksBuildPhase;
			buildActionMask = 2147483647;
			files = (
			);
			runOnlyForDeploymentPostprocessing = 0;
		};
		9593BFBB2B275F060048614A /* Frameworks */ = {
			isa = PBXFrameworksBuildPhase;
			buildActionMask = 2147483647;
			files = (
			);
			runOnlyForDeploymentPostprocessing = 0;
		};
		9593BFC82B2763710048614A /* Frameworks */ = {
			isa = PBXFrameworksBuildPhase;
			buildActionMask = 2147483647;
			files = (
			);
			runOnlyForDeploymentPostprocessing = 0;
		};
/* End PBXFrameworksBuildPhase section */

/* Begin PBXGroup section */
		9593BF932B2730CA0048614A = {
			isa = PBXGroup;
			children = (
				9593BF9E2B2730CA0048614A /* Directory */,
				9593BFBF2B275F060048614A /* DirectoryTests */,
				9593BFCC2B2763710048614A /* DirectoryUITests */,
				9593BF9D2B2730CA0048614A /* Products */,
			);
			sourceTree = "<group>";
		};
		9593BF9D2B2730CA0048614A /* Products */ = {
			isa = PBXGroup;
			children = (
				9593BF9C2B2730CA0048614A /* Directory.app */,
				9593BFBE2B275F060048614A /* DirectoryTests.xctest */,
				9593BFCB2B2763710048614A /* DirectoryUITests.xctest */,
			);
			name = Products;
			sourceTree = "<group>";
		};
		9593BF9E2B2730CA0048614A /* Directory */ = {
			isa = PBXGroup;
			children = (
				9593BFB92B273C950048614A /* Info.plist */,
				9593BF9F2B2730CA0048614A /* DirectoryApp.swift */,
				9593BFA32B2730CC0048614A /* Assets.xcassets */,
				9593BFA52B2730CC0048614A /* Preview Content */,
				9593BFAD2B2730E50048614A /* Contact.swift */,
				9593BFD82B2768310048614A /* FilePath.swift */,
				9593BFAF2B27313E0048614A /* MockAPIService.swift */,
				9593BFB12B2731790048614A /* LoginView.swift */,
				9593BFB52B27339A0048614A /* DetailView.swift */,
				9593BFB32B2733490048614A /* ListView.swift */,
			);
			path = Directory;
			sourceTree = "<group>";
		};
		9593BFA52B2730CC0048614A /* Preview Content */ = {
			isa = PBXGroup;
			children = (
				9593BFA62B2730CC0048614A /* Preview Assets.xcassets */,
				9593BFB72B2736560048614A /* AuthViewModel.swift */,
			);
			path = "Preview Content";
			sourceTree = "<group>";
		};
		9593BFBF2B275F060048614A /* DirectoryTests */ = {
			isa = PBXGroup;
			children = (
				9593BFC02B275F060048614A /* DirectoryTests.swift */,
				9593BFD62B2764110048614A /* MockAPIServiceTests.swift */,
			);
			path = DirectoryTests;
			sourceTree = "<group>";
		};
		9593BFCC2B2763710048614A /* DirectoryUITests */ = {
			isa = PBXGroup;
			children = (
				9593BFCD2B2763710048614A /* DirectoryUITests.swift */,
				9593BFCF2B2763710048614A /* DirectoryUITestsLaunchTests.swift */,
			);
			path = DirectoryUITests;
			sourceTree = "<group>";
		};
/* End PBXGroup section */

/* Begin PBXNativeTarget section */
		9593BF9B2B2730CA0048614A /* Directory */ = {
			isa = PBXNativeTarget;
			buildConfigurationList = 9593BFAA2B2730CC0048614A /* Build configuration list for PBXNativeTarget "Directory" */;
			buildPhases = (
				9593BF982B2730CA0048614A /* Sources */,
				9593BF992B2730CA0048614A /* Frameworks */,
				9593BF9A2B2730CA0048614A /* Resources */,
			);
			buildRules = (
			);
			dependencies = (
			);
			name = Directory;
			productName = Directory;
			productReference = 9593BF9C2B2730CA0048614A /* Directory.app */;
			productType = "com.apple.product-type.application";
		};
		9593BFBD2B275F060048614A /* DirectoryTests */ = {
			isa = PBXNativeTarget;
			buildConfigurationList = 9593BFC42B275F070048614A /* Build configuration list for PBXNativeTarget "DirectoryTests" */;
			buildPhases = (
				9593BFBA2B275F060048614A /* Sources */,
				9593BFBB2B275F060048614A /* Frameworks */,
				9593BFBC2B275F060048614A /* Resources */,
			);
			buildRules = (
			);
			dependencies = (
				9593BFC32B275F070048614A /* PBXTargetDependency */,
			);
			name = DirectoryTests;
			productName = DirectoryTests;
			productReference = 9593BFBE2B275F060048614A /* DirectoryTests.xctest */;
			productType = "com.apple.product-type.bundle.unit-test";
		};
		9593BFCA2B2763710048614A /* DirectoryUITests */ = {
			isa = PBXNativeTarget;
			buildConfigurationList = 9593BFD32B2763710048614A /* Build configuration list for PBXNativeTarget "DirectoryUITests" */;
			buildPhases = (
				9593BFC72B2763710048614A /* Sources */,
				9593BFC82B2763710048614A /* Frameworks */,
				9593BFC92B2763710048614A /* Resources */,
			);
			buildRules = (
			);
			dependencies = (
				9593BFD22B2763710048614A /* PBXTargetDependency */,
			);
			name = DirectoryUITests;
			productName = DirectoryUITests;
			productReference = 9593BFCB2B2763710048614A /* DirectoryUITests.xctest */;
			productType = "com.apple.product-type.bundle.ui-testing";
		};
/* End PBXNativeTarget section */

/* Begin PBXProject section */
		9593BF942B2730CA0048614A /* Project object */ = {
			isa = PBXProject;
			attributes = {
				BuildIndependentTargetsInParallel = 1;
				LastSwiftUpdateCheck = 1420;
				LastUpgradeCheck = 1420;
				TargetAttributes = {
					9593BF9B2B2730CA0048614A = {
						CreatedOnToolsVersion = 14.2;
					};
					9593BFBD2B275F060048614A = {
						CreatedOnToolsVersion = 14.2;
						TestTargetID = 9593BF9B2B2730CA0048614A;
					};
					9593BFCA2B2763710048614A = {
						CreatedOnToolsVersion = 14.2;
						TestTargetID = 9593BF9B2B2730CA0048614A;
					};
				};
			};
			buildConfigurationList = 9593BF972B2730CA0048614A /* Build configuration list for PBXProject "Directory" */;
			compatibilityVersion = "Xcode 14.0";
			developmentRegion = en;
			hasScannedForEncodings = 0;
			knownRegions = (
				en,
				Base,
			);
			mainGroup = 9593BF932B2730CA0048614A;
			productRefGroup = 9593BF9D2B2730CA0048614A /* Products */;
			projectDirPath = "";
			projectRoot = "";
			targets = (
				9593BF9B2B2730CA0048614A /* Directory */,
				9593BFBD2B275F060048614A /* DirectoryTests */,
				9593BFCA2B2763710048614A /* DirectoryUITests */,
			);
		};
/* End PBXProject section */

/* Begin PBXResourcesBuildPhase section */
		9593BF9A2B2730CA0048614A /* Resources */ = {
			isa = PBXResourcesBuildPhase;
			buildActionMask = 2147483647;
			files = (
				9593BFA72B2730CC0048614A /* Preview Assets.xcassets in Resources */,
				9593BFA42B2730CC0048614A /* Assets.xcassets in Resources */,
			);
			runOnlyForDeploymentPostprocessing = 0;
		};
		9593BFBC2B275F060048614A /* Resources */ = {
			isa = PBXResourcesBuildPhase;
			buildActionMask = 2147483647;
			files = (
			);
			runOnlyForDeploymentPostprocessing = 0;
		};
		9593BFC92B2763710048614A /* Resources */ = {
			isa = PBXResourcesBuildPhase;
			buildActionMask = 2147483647;
			files = (
			);
			runOnlyForDeploymentPostprocessing = 0;
		};
/* End PBXResourcesBuildPhase section */

/* Begin PBXSourcesBuildPhase section */
		9593BF982B2730CA0048614A /* Sources */ = {
			isa = PBXSourcesBuildPhase;
			buildActionMask = 2147483647;
			files = (
				9593BFB02B27313E0048614A /* MockAPIService.swift in Sources */,
				9593BFAE2B2730E50048614A /* Contact.swift in Sources */,
				9593BFB42B2733490048614A /* ListView.swift in Sources */,
				9593BFB62B27339A0048614A /* DetailView.swift in Sources */,
				9593BFB22B2731790048614A /* LoginView.swift in Sources */,
				9593BFB82B2736560048614A /* AuthViewModel.swift in Sources */,
				9593BFD92B2768310048614A /* FilePath.swift in Sources */,
				9593BFA02B2730CA0048614A /* DirectoryApp.swift in Sources */,
			);
			runOnlyForDeploymentPostprocessing = 0;
		};
		9593BFBA2B275F060048614A /* Sources */ = {
			isa = PBXSourcesBuildPhase;
			buildActionMask = 2147483647;
			files = (
				9593BFD72B2764110048614A /* MockAPIServiceTests.swift in Sources */,
				9593BFC12B275F060048614A /* DirectoryTests.swift in Sources */,
			);
			runOnlyForDeploymentPostprocessing = 0;
		};
		9593BFC72B2763710048614A /* Sources */ = {
			isa = PBXSourcesBuildPhase;
			buildActionMask = 2147483647;
			files = (
				9593BFD02B2763710048614A /* DirectoryUITestsLaunchTests.swift in Sources */,
				9593BFCE2B2763710048614A /* DirectoryUITests.swift in Sources */,
			);
			runOnlyForDeploymentPostprocessing = 0;
		};
/* End PBXSourcesBuildPhase section */

/* Begin PBXTargetDependency section */
		9593BFC32B275F070048614A /* PBXTargetDependency */ = {
			isa = PBXTargetDependency;
			target = 9593BF9B2B2730CA0048614A /* Directory */;
			targetProxy = 9593BFC22B275F070048614A /* PBXContainerItemProxy */;
		};
		9593BFD22B2763710048614A /* PBXTargetDependency */ = {
			isa = PBXTargetDependency;
			target = 9593BF9B2B2730CA0048614A /* Directory */;
			targetProxy = 9593BFD12B2763710048614A /* PBXContainerItemProxy */;
		};
/* End PBXTargetDependency section */

/* Begin XCBuildConfiguration section */
		9593BFA82B2730CC0048614A /* Debug */ = {
			isa = XCBuildConfiguration;
			buildSettings = {
				ALWAYS_SEARCH_USER_PATHS = NO;
				CLANG_ANALYZER_NONNULL = YES;
				CLANG_ANALYZER_NUMBER_OBJECT_CONVERSION = YES_AGGRESSIVE;
				CLANG_CXX_LANGUAGE_STANDARD = "gnu++20";
				CLANG_ENABLE_MODULES = YES;
				CLANG_ENABLE_OBJC_ARC = YES;
				CLANG_ENABLE_OBJC_WEAK = YES;
				CLANG_WARN_BLOCK_CAPTURE_AUTORELEASING = YES;
				CLANG_WARN_BOOL_CONVERSION = YES;
				CLANG_WARN_COMMA = YES;
				CLANG_WARN_CONSTANT_CONVERSION = YES;
				CLANG_WARN_DEPRECATED_OBJC_IMPLEMENTATIONS = YES;
				CLANG_WARN_DIRECT_OBJC_ISA_USAGE = YES_ERROR;
				CLANG_WARN_DOCUMENTATION_COMMENTS = YES;
				CLANG_WARN_EMPTY_BODY = YES;
				CLANG_WARN_ENUM_CONVERSION = YES;
				CLANG_WARN_INFINITE_RECURSION = YES;
				CLANG_WARN_INT_CONVERSION = YES;
				CLANG_WARN_NON_LITERAL_NULL_CONVERSION = YES;
				CLANG_WARN_OBJC_IMPLICIT_RETAIN_SELF = YES;
				CLANG_WARN_OBJC_LITERAL_CONVERSION = YES;
				CLANG_WARN_OBJC_ROOT_CLASS = YES_ERROR;
				CLANG_WARN_QUOTED_INCLUDE_IN_FRAMEWORK_HEADER = YES;
				CLANG_WARN_RANGE_LOOP_ANALYSIS = YES;
				CLANG_WARN_STRICT_PROTOTYPES = YES;
				CLANG_WARN_SUSPICIOUS_MOVE = YES;
				CLANG_WARN_UNGUARDED_AVAILABILITY = YES_AGGRESSIVE;
				CLANG_WARN_UNREACHABLE_CODE = YES;
				CLANG_WARN__DUPLICATE_METHOD_MATCH = YES;
				COPY_PHASE_STRIP = NO;
				DEBUG_INFORMATION_FORMAT = dwarf;
				ENABLE_STRICT_OBJC_MSGSEND = YES;
				ENABLE_TESTABILITY = YES;
				GCC_C_LANGUAGE_STANDARD = gnu11;
				GCC_DYNAMIC_NO_PIC = NO;
				GCC_NO_COMMON_BLOCKS = YES;
				GCC_OPTIMIZATION_LEVEL = 0;
				GCC_PREPROCESSOR_DEFINITIONS = (
					"DEBUG=1",
					"$(inherited)",
				);
				GCC_WARN_64_TO_32_BIT_CONVERSION = YES;
				GCC_WARN_ABOUT_RETURN_TYPE = YES_ERROR;
				GCC_WARN_UNDECLARED_SELECTOR = YES;
				GCC_WARN_UNINITIALIZED_AUTOS = YES_AGGRESSIVE;
				GCC_WARN_UNUSED_FUNCTION = YES;
				GCC_WARN_UNUSED_VARIABLE = YES;
				IPHONEOS_DEPLOYMENT_TARGET = 16.2;
				MTL_ENABLE_DEBUG_INFO = INCLUDE_SOURCE;
				MTL_FAST_MATH = YES;
				ONLY_ACTIVE_ARCH = YES;
				SDKROOT = iphoneos;
				SWIFT_ACTIVE_COMPILATION_CONDITIONS = DEBUG;
				SWIFT_OPTIMIZATION_LEVEL = "-Onone";
			};
			name = Debug;
		};
		9593BFA92B2730CC0048614A /* Release */ = {
			isa = XCBuildConfiguration;
			buildSettings = {
				ALWAYS_SEARCH_USER_PATHS = NO;
				CLANG_ANALYZER_NONNULL = YES;
				CLANG_ANALYZER_NUMBER_OBJECT_CONVERSION = YES_AGGRESSIVE;
				CLANG_CXX_LANGUAGE_STANDARD = "gnu++20";
				CLANG_ENABLE_MODULES = YES;
				CLANG_ENABLE_OBJC_ARC = YES;
				CLANG_ENABLE_OBJC_WEAK = YES;
				CLANG_WARN_BLOCK_CAPTURE_AUTORELEASING = YES;
				CLANG_WARN_BOOL_CONVERSION = YES;
				CLANG_WARN_COMMA = YES;
				CLANG_WARN_CONSTANT_CONVERSION = YES;
				CLANG_WARN_DEPRECATED_OBJC_IMPLEMENTATIONS = YES;
				CLANG_WARN_DIRECT_OBJC_ISA_USAGE = YES_ERROR;
				CLANG_WARN_DOCUMENTATION_COMMENTS = YES;
				CLANG_WARN_EMPTY_BODY = YES;
				CLANG_WARN_ENUM_CONVERSION = YES;
				CLANG_WARN_INFINITE_RECURSION = YES;
				CLANG_WARN_INT_CONVERSION = YES;
				CLANG_WARN_NON_LITERAL_NULL_CONVERSION = YES;
				CLANG_WARN_OBJC_IMPLICIT_RETAIN_SELF = YES;
				CLANG_WARN_OBJC_LITERAL_CONVERSION = YES;
				CLANG_WARN_OBJC_ROOT_CLASS = YES_ERROR;
				CLANG_WARN_QUOTED_INCLUDE_IN_FRAMEWORK_HEADER = YES;
				CLANG_WARN_RANGE_LOOP_ANALYSIS = YES;
				CLANG_WARN_STRICT_PROTOTYPES = YES;
				CLANG_WARN_SUSPICIOUS_MOVE = YES;
				CLANG_WARN_UNGUARDED_AVAILABILITY = YES_AGGRESSIVE;
				CLANG_WARN_UNREACHABLE_CODE = YES;
				CLANG_WARN__DUPLICATE_METHOD_MATCH = YES;
				COPY_PHASE_STRIP = NO;
				DEBUG_INFORMATION_FORMAT = "dwarf-with-dsym";
				ENABLE_NS_ASSERTIONS = NO;
				ENABLE_STRICT_OBJC_MSGSEND = YES;
				GCC_C_LANGUAGE_STANDARD = gnu11;
				GCC_NO_COMMON_BLOCKS = YES;
				GCC_WARN_64_TO_32_BIT_CONVERSION = YES;
				GCC_WARN_ABOUT_RETURN_TYPE = YES_ERROR;
				GCC_WARN_UNDECLARED_SELECTOR = YES;
				GCC_WARN_UNINITIALIZED_AUTOS = YES_AGGRESSIVE;
				GCC_WARN_UNUSED_FUNCTION = YES;
				GCC_WARN_UNUSED_VARIABLE = YES;
				IPHONEOS_DEPLOYMENT_TARGET = 16.2;
				MTL_ENABLE_DEBUG_INFO = NO;
				MTL_FAST_MATH = YES;
				SDKROOT = iphoneos;
				SWIFT_COMPILATION_MODE = wholemodule;
				SWIFT_OPTIMIZATION_LEVEL = "-O";
				VALIDATE_PRODUCT = YES;
			};
			name = Release;
		};
		9593BFAB2B2730CC0048614A /* Debug */ = {
			isa = XCBuildConfiguration;
			buildSettings = {
				ASSETCATALOG_COMPILER_APPICON_NAME = AppIcon;
				ASSETCATALOG_COMPILER_GLOBAL_ACCENT_COLOR_NAME = AccentColor;
				CODE_SIGN_STYLE = Automatic;
				CURRENT_PROJECT_VERSION = 1;
				DEVELOPMENT_ASSET_PATHS = "\"Directory/Preview Content\"";
				DEVELOPMENT_TEAM = 8587GH7B59;
				ENABLE_PREVIEWS = YES;
				GENERATE_INFOPLIST_FILE = YES;
				INFOPLIST_FILE = Directory/Info.plist;
				INFOPLIST_KEY_UIApplicationSupportsIndirectInputEvents = YES;
				INFOPLIST_KEY_UILaunchScreen_Generation = YES;
				INFOPLIST_KEY_UISupportedInterfaceOrientations_iPad = "UIInterfaceOrientationPortrait UIInterfaceOrientationPortraitUpsideDown UIInterfaceOrientationLandscapeLeft UIInterfaceOrientationLandscapeRight";
				INFOPLIST_KEY_UISupportedInterfaceOrientations_iPhone = "UIInterfaceOrientationPortrait UIInterfaceOrientationLandscapeLeft UIInterfaceOrientationLandscapeRight";
				LD_RUNPATH_SEARCH_PATHS = (
					"$(inherited)",
					"@executable_path/Frameworks",
				);
				MARKETING_VERSION = 1.0;
				PRODUCT_BUNDLE_IDENTIFIER = com.michelefadda.Directory;
				PRODUCT_NAME = "$(TARGET_NAME)";
				SWIFT_EMIT_LOC_STRINGS = YES;
				SWIFT_VERSION = 5.0;
				TARGETED_DEVICE_FAMILY = "1,2";
			};
			name = Debug;
		};
		9593BFAC2B2730CC0048614A /* Release */ = {
			isa = XCBuildConfiguration;
			buildSettings = {
				ASSETCATALOG_COMPILER_APPICON_NAME = AppIcon;
				ASSETCATALOG_COMPILER_GLOBAL_ACCENT_COLOR_NAME = AccentColor;
				CODE_SIGN_STYLE = Automatic;
				CURRENT_PROJECT_VERSION = 1;
				DEVELOPMENT_ASSET_PATHS = "\"Directory/Preview Content\"";
				DEVELOPMENT_TEAM = 8587GH7B59;
				ENABLE_PREVIEWS = YES;
				GENERATE_INFOPLIST_FILE = YES;
				INFOPLIST_FILE = Directory/Info.plist;
				INFOPLIST_KEY_UIApplicationSupportsIndirectInputEvents = YES;
				INFOPLIST_KEY_UILaunchScreen_Generation = YES;
				INFOPLIST_KEY_UISupportedInterfaceOrientations_iPad = "UIInterfaceOrientationPortrait UIInterfaceOrientationPortraitUpsideDown UIInterfaceOrientationLandscapeLeft UIInterfaceOrientationLandscapeRight";
				INFOPLIST_KEY_UISupportedInterfaceOrientations_iPhone = "UIInterfaceOrientationPortrait UIInterfaceOrientationLandscapeLeft UIInterfaceOrientationLandscapeRight";
				LD_RUNPATH_SEARCH_PATHS = (
					"$(inherited)",
					"@executable_path/Frameworks",
				);
				MARKETING_VERSION = 1.0;
				PRODUCT_BUNDLE_IDENTIFIER = com.michelefadda.Directory;
				PRODUCT_NAME = "$(TARGET_NAME)";
				SWIFT_EMIT_LOC_STRINGS = YES;
				SWIFT_VERSION = 5.0;
				TARGETED_DEVICE_FAMILY = "1,2";
			};
			name = Release;
		};
		9593BFC52B275F070048614A /* Debug */ = {
			isa = XCBuildConfiguration;
			buildSettings = {
				BUNDLE_LOADER = "$(TEST_HOST)";
				CODE_SIGN_STYLE = Automatic;
				CURRENT_PROJECT_VERSION = 1;
				DEVELOPMENT_TEAM = 8587GH7B59;
				GENERATE_INFOPLIST_FILE = YES;
				MARKETING_VERSION = 1.0;
				PRODUCT_BUNDLE_IDENTIFIER = com.michelefadda.DirectoryTests;
				PRODUCT_NAME = "$(TARGET_NAME)";
				SWIFT_EMIT_LOC_STRINGS = NO;
				SWIFT_VERSION = 5.0;
				TARGETED_DEVICE_FAMILY = "1,2";
				TEST_HOST = "$(BUILT_PRODUCTS_DIR)/Directory.app/$(BUNDLE_EXECUTABLE_FOLDER_PATH)/Directory";
			};
			name = Debug;
		};
		9593BFC62B275F070048614A /* Release */ = {
			isa = XCBuildConfiguration;
			buildSettings = {
				BUNDLE_LOADER = "$(TEST_HOST)";
				CODE_SIGN_STYLE = Automatic;
				CURRENT_PROJECT_VERSION = 1;
				DEVELOPMENT_TEAM = 8587GH7B59;
				GENERATE_INFOPLIST_FILE = YES;
				MARKETING_VERSION = 1.0;
				PRODUCT_BUNDLE_IDENTIFIER = com.michelefadda.DirectoryTests;
				PRODUCT_NAME = "$(TARGET_NAME)";
				SWIFT_EMIT_LOC_STRINGS = NO;
				SWIFT_VERSION = 5.0;
				TARGETED_DEVICE_FAMILY = "1,2";
				TEST_HOST = "$(BUILT_PRODUCTS_DIR)/Directory.app/$(BUNDLE_EXECUTABLE_FOLDER_PATH)/Directory";
			};
			name = Release;
		};
		9593BFD42B2763710048614A /* Debug */ = {
			isa = XCBuildConfiguration;
			buildSettings = {
				CODE_SIGN_STYLE = Automatic;
				CURRENT_PROJECT_VERSION = 1;
				DEVELOPMENT_TEAM = 8587GH7B59;
				GENERATE_INFOPLIST_FILE = YES;
				MARKETING_VERSION = 1.0;
				PRODUCT_BUNDLE_IDENTIFIER = com.michelefadda.DirectoryUITests;
				PRODUCT_NAME = "$(TARGET_NAME)";
				SWIFT_EMIT_LOC_STRINGS = NO;
				SWIFT_VERSION = 5.0;
				TARGETED_DEVICE_FAMILY = "1,2";
				TEST_TARGET_NAME = Directory;
			};
			name = Debug;
		};
		9593BFD52B2763710048614A /* Release */ = {
			isa = XCBuildConfiguration;
			buildSettings = {
				CODE_SIGN_STYLE = Automatic;
				CURRENT_PROJECT_VERSION = 1;
				DEVELOPMENT_TEAM = 8587GH7B59;
				GENERATE_INFOPLIST_FILE = YES;
				MARKETING_VERSION = 1.0;
				PRODUCT_BUNDLE_IDENTIFIER = com.michelefadda.DirectoryUITests;
				PRODUCT_NAME = "$(TARGET_NAME)";
				SWIFT_EMIT_LOC_STRINGS = NO;
				SWIFT_VERSION = 5.0;
				TARGETED_DEVICE_FAMILY = "1,2";
				TEST_TARGET_NAME = Directory;
			};
			name = Release;
		};
/* End XCBuildConfiguration section */

/* Begin XCConfigurationList section */
		9593BF972B2730CA0048614A /* Build configuration list for PBXProject "Directory" */ = {
			isa = XCConfigurationList;
			buildConfigurations = (
				9593BFA82B2730CC0048614A /* Debug */,
				9593BFA92B2730CC0048614A /* Release */,
			);
			defaultConfigurationIsVisible = 0;
			defaultConfigurationName = Release;
		};
		9593BFAA2B2730CC0048614A /* Build configuration list for PBXNativeTarget "Directory" */ = {
			isa = XCConfigurationList;
			buildConfigurations = (
				9593BFAB2B2730CC0048614A /* Debug */,
				9593BFAC2B2730CC0048614A /* Release */,
			);
			defaultConfigurationIsVisible = 0;
			defaultConfigurationName = Release;
		};
		9593BFC42B275F070048614A /* Build configuration list for PBXNativeTarget "DirectoryTests" */ = {
			isa = XCConfigurationList;
			buildConfigurations = (
				9593BFC52B275F070048614A /* Debug */,
				9593BFC62B275F070048614A /* Release */,
			);
			defaultConfigurationIsVisible = 0;
			defaultConfigurationName = Release;
		};
		9593BFD32B2763710048614A /* Build configuration list for PBXNativeTarget "DirectoryUITests" */ = {
			isa = XCConfigurationList;
			buildConfigurations = (
				9593BFD42B2763710048614A /* Debug */,
				9593BFD52B2763710048614A /* Release */,
			);
			defaultConfigurationIsVisible = 0;
			defaultConfigurationName = Release;
		};
/* End XCConfigurationList section */
	};
	rootObject = 9593BF942B2730CA0048614A /* Project object */;
}
